
Microsoft Visual Studio Solution File, Format Version 11.00
# Visual Studio 2010
Project("{FAE04EC0-301F-11D3-BF4B-00C04F79EFBC}") = "TravelPlaner.Android", "TravelPlaner.Android\TravelPlaner.Android.csproj", "{0B09F588-8BC7-4708-8AB2-2233A6E1F85B}"
EndProject
Project("{FAE04EC0-301F-11D3-BF4B-00C04F79EFBC}") = "TravelPlanner.Core", "TravelPlanner.Core\TravelPlanner.Core.csproj", "{B1A0964E-105D-4A06-9230-4C33D0538DE3}"
EndProject
Project("{FAE04EC0-301F-11D3-BF4B-00C04F79EFBC}") = "TravelPlaner.iOS", "TravelPlaner.iOS\TravelPlaner.iOS.csproj", "{67D82D26-BA6C-48F7-A691-5B441D3D7455}"
EndProject
Global
	GlobalSection(SolutionConfigurationPlatforms) = preSolution
		Debug|iPhoneSimulator = Debug|iPhoneSimulator
		Release|iPhoneSimulator = Release|iPhoneSimulator
		Debug|iPhone = Debug|iPhone
		Release|iPhone = Release|iPhone
		AdHoc|iPhone = AdHoc|iPhone
		AdHoc|iPhoneSimulator = AdHoc|iPhoneSimulator
		AppStore|iPhoneSimulator = AppStore|iPhoneSimulator
		Debug-Lite|iPhoneSimulator = Debug-Lite|iPhoneSimulator
		Release-Lite|iPhone = Release-Lite|iPhone
		AppStore-Lite|iPhone = AppStore-Lite|iPhone
	EndGlobalSection
	GlobalSection(ProjectConfigurationPlatforms) = postSolution
		{0B09F588-8BC7-4708-8AB2-2233A6E1F85B}.AdHoc|iPhone.ActiveCfg = Debug|Any CPU
		{0B09F588-8BC7-4708-8AB2-2233A6E1F85B}.AdHoc|iPhone.Build.0 = Debug|Any CPU
		{0B09F588-8BC7-4708-8AB2-2233A6E1F85B}.AdHoc|iPhoneSimulator.ActiveCfg = Debug|Any CPU
		{0B09F588-8BC7-4708-8AB2-2233A6E1F85B}.AdHoc|iPhoneSimulator.Build.0 = Debug|Any CPU
		{0B09F588-8BC7-4708-8AB2-2233A6E1F85B}.AppStore|iPhoneSimulator.ActiveCfg = Debug|Any CPU
		{0B09F588-8BC7-4708-8AB2-2233A6E1F85B}.AppStore|iPhoneSimulator.Build.0 = Debug|Any CPU
		{0B09F588-8BC7-4708-8AB2-2233A6E1F85B}.AppStore-Lite|iPhone.ActiveCfg = Debug|Any CPU
		{0B09F588-8BC7-4708-8AB2-2233A6E1F85B}.AppStore-Lite|iPhone.Build.0 = Debug|Any CPU
		{0B09F588-8BC7-4708-8AB2-2233A6E1F85B}.Debug|iPhone.ActiveCfg = Debug|Any CPU
		{0B09F588-8BC7-4708-8AB2-2233A6E1F85B}.Debug|iPhone.Build.0 = Debug|Any CPU
		{0B09F588-8BC7-4708-8AB2-2233A6E1F85B}.Debug|iPhoneSimulator.ActiveCfg = Debug|Any CPU
		{0B09F588-8BC7-4708-8AB2-2233A6E1F85B}.Debug|iPhoneSimulator.Build.0 = Debug|Any CPU
		{0B09F588-8BC7-4708-8AB2-2233A6E1F85B}.Debug-Lite|iPhoneSimulator.ActiveCfg = Debug|Any CPU
		{0B09F588-8BC7-4708-8AB2-2233A6E1F85B}.Debug-Lite|iPhoneSimulator.Build.0 = Debug|Any CPU
		{0B09F588-8BC7-4708-8AB2-2233A6E1F85B}.Release|iPhone.ActiveCfg = Release|Any CPU
		{0B09F588-8BC7-4708-8AB2-2233A6E1F85B}.Release|iPhone.Build.0 = Release|Any CPU
		{0B09F588-8BC7-4708-8AB2-2233A6E1F85B}.Release|iPhoneSimulator.ActiveCfg = Release|Any CPU
		{0B09F588-8BC7-4708-8AB2-2233A6E1F85B}.Release|iPhoneSimulator.Build.0 = Release|Any CPU
		{0B09F588-8BC7-4708-8AB2-2233A6E1F85B}.Release-Lite|iPhone.ActiveCfg = Debug|Any CPU
		{0B09F588-8BC7-4708-8AB2-2233A6E1F85B}.Release-Lite|iPhone.Build.0 = Debug|Any CPU
		{67D82D26-BA6C-48F7-A691-5B441D3D7455}.AdHoc|iPhone.ActiveCfg = Debug|iPhone
		{67D82D26-BA6C-48F7-A691-5B441D3D7455}.AdHoc|iPhone.Build.0 = Debug|iPhone
		{67D82D26-BA6C-48F7-A691-5B441D3D7455}.AdHoc|iPhoneSimulator.ActiveCfg = Debug|iPhoneSimulator
		{67D82D26-BA6C-48F7-A691-5B441D3D7455}.AdHoc|iPhoneSimulator.Build.0 = Debug|iPhoneSimulator
		{67D82D26-BA6C-48F7-A691-5B441D3D7455}.AppStore|iPhoneSimulator.ActiveCfg = Debug|iPhoneSimulator
		{67D82D26-BA6C-48F7-A691-5B441D3D7455}.AppStore|iPhoneSimulator.Build.0 = Debug|iPhoneSimulator
		{67D82D26-BA6C-48F7-A691-5B441D3D7455}.AppStore-Lite|iPhone.ActiveCfg = Debug|iPhone
		{67D82D26-BA6C-48F7-A691-5B441D3D7455}.AppStore-Lite|iPhone.Build.0 = Debug|iPhone
		{67D82D26-BA6C-48F7-A691-5B441D3D7455}.Debug|iPhone.ActiveCfg = Debug|iPhone
		{67D82D26-BA6C-48F7-A691-5B441D3D7455}.Debug|iPhone.Build.0 = Debug|iPhone
		{67D82D26-BA6C-48F7-A691-5B441D3D7455}.Debug|iPhoneSimulator.ActiveCfg = Debug|iPhoneSimulator
		{67D82D26-BA6C-48F7-A691-5B441D3D7455}.Debug|iPhoneSimulator.Build.0 = Debug|iPhoneSimulator
		{67D82D26-BA6C-48F7-A691-5B441D3D7455}.Debug-Lite|iPhoneSimulator.ActiveCfg = Debug|iPhoneSimulator
		{67D82D26-BA6C-48F7-A691-5B441D3D7455}.Debug-Lite|iPhoneSimulator.Build.0 = Debug|iPhoneSimulator
		{67D82D26-BA6C-48F7-A691-5B441D3D7455}.Release|iPhone.ActiveCfg = Release|iPhone
		{67D82D26-BA6C-48F7-A691-5B441D3D7455}.Release|iPhone.Build.0 = Release|iPhone
		{67D82D26-BA6C-48F7-A691-5B441D3D7455}.Release|iPhoneSimulator.ActiveCfg = Release|iPhoneSimulator
		{67D82D26-BA6C-48F7-A691-5B441D3D7455}.Release|iPhoneSimulator.Build.0 = Release|iPhoneSimulator
		{67D82D26-BA6C-48F7-A691-5B441D3D7455}.Release-Lite|iPhone.ActiveCfg = Debug|iPhone
		{67D82D26-BA6C-48F7-A691-5B441D3D7455}.Release-Lite|iPhone.Build.0 = Debug|iPhone
		{B1A0964E-105D-4A06-9230-4C33D0538DE3}.AdHoc|iPhone.ActiveCfg = Debug|Any CPU
		{B1A0964E-105D-4A06-9230-4C33D0538DE3}.AdHoc|iPhone.Build.0 = Debug|Any CPU
		{B1A0964E-105D-4A06-9230-4C33D0538DE3}.AdHoc|iPhoneSimulator.ActiveCfg = Debug|Any CPU
		{B1A0964E-105D-4A06-9230-4C33D0538DE3}.AdHoc|iPhoneSimulator.Build.0 = Debug|Any CPU
		{B1A0964E-105D-4A06-9230-4C33D0538DE3}.AppStore|iPhoneSimulator.ActiveCfg = Debug|Any CPU
		{B1A0964E-105D-4A06-9230-4C33D0538DE3}.AppStore|iPhoneSimulator.Build.0 = Debug|Any CPU
		{B1A0964E-105D-4A06-9230-4C33D0538DE3}.AppStore-Lite|iPhone.ActiveCfg = Debug|Any CPU
		{B1A0964E-105D-4A06-9230-4C33D0538DE3}.AppStore-Lite|iPhone.Build.0 = Debug|Any CPU
		{B1A0964E-105D-4A06-9230-4C33D0538DE3}.Debug|iPhone.ActiveCfg = Debug|Any CPU
		{B1A0964E-105D-4A06-9230-4C33D0538DE3}.Debug|iPhone.Build.0 = Debug|Any CPU
		{B1A0964E-105D-4A06-9230-4C33D0538DE3}.Debug|iPhoneSimulator.ActiveCfg = Debug|Any CPU
		{B1A0964E-105D-4A06-9230-4C33D0538DE3}.Debug|iPhoneSimulator.Build.0 = Debug|Any CPU
		{B1A0964E-105D-4A06-9230-4C33D0538DE3}.Debug-Lite|iPhoneSimulator.ActiveCfg = Debug|Any CPU
		{B1A0964E-105D-4A06-9230-4C33D0538DE3}.Debug-Lite|iPhoneSimulator.Build.0 = Debug|Any CPU
		{B1A0964E-105D-4A06-9230-4C33D0538DE3}.Release|iPhone.ActiveCfg = Release|Any CPU
		{B1A0964E-105D-4A06-9230-4C33D0538DE3}.Release|iPhone.Build.0 = Release|Any CPU
		{B1A0964E-105D-4A06-9230-4C33D0538DE3}.Release|iPhoneSimulator.ActiveCfg = Release|Any CPU
		{B1A0964E-105D-4A06-9230-4C33D0538DE3}.Release|iPhoneSimulator.Build.0 = Release|Any CPU
		{B1A0964E-105D-4A06-9230-4C33D0538DE3}.Release-Lite|iPhone.ActiveCfg = Debug|Any CPU
		{B1A0964E-105D-4A06-9230-4C33D0538DE3}.Release-Lite|iPhone.Build.0 = Debug|Any CPU
	EndGlobalSection
	GlobalSection(MonoDevelopProperties) = preSolution
		StartupItem = TravelPlaner.Android\TravelPlaner.Android.csproj
	EndGlobalSection
EndGlobal
